
Microsoft Visual Studio Solution File, Format Version 12.00
# Visual Studio Version 17
VisualStudioVersion = 17.4.33122.133
MinimumVisualStudioVersion = 10.0.40219.1
Project("{FAE04EC0-301F-11D3-BF4B-00C04F79EFBC}") = "májusi progfeladat", "májusi progfeladat\májusi progfeladat.csproj", "{DE86FDD1-F4F5-444D-91CE-F8A3ED6EF92A}"
EndProject
Global
	GlobalSection(SolutionConfigurationPlatforms) = preSolution
		Debug|Any CPU = Debug|Any CPU
		Release|Any CPU = Release|Any CPU
	EndGlobalSection
	GlobalSection(ProjectConfigurationPlatforms) = postSolution
		{DE86FDD1-F4F5-444D-91CE-F8A3ED6EF92A}.Debug|Any CPU.ActiveCfg = Debug|Any CPU
		{DE86FDD1-F4F5-444D-91CE-F8A3ED6EF92A}.Debug|Any CPU.Build.0 = Debug|Any CPU
		{DE86FDD1-F4F5-444D-91CE-F8A3ED6EF92A}.Release|Any CPU.ActiveCfg = Release|Any CPU
		{DE86FDD1-F4F5-444D-91CE-F8A3ED6EF92A}.Release|Any CPU.Build.0 = Release|Any CPU
	EndGlobalSection
	GlobalSection(SolutionProperties) = preSolution
		HideSolutionNode = FALSE
	EndGlobalSection
	GlobalSection(ExtensibilityGlobals) = postSolution
		SolutionGuid = {811AB992-C094-4471-AC21-E41BCE54E37C}
	EndGlobalSection
EndGlobal
